
Microsoft Visual Studio Solution File, Format Version 12.00
# Visual Studio Version 16
VisualStudioVersion = 16.0.30717.126
MinimumVisualStudioVersion = 10.0.40219.1
Project("{FAE04EC0-301F-11D3-BF4B-00C04F79EFBC}") = "SolutionTracer", "SolutionTracer\SolutionTracer.csproj", "{02265595-C7A1-4874-9FED-B5985F95791C}"
EndProject
Global
	GlobalSection(SolutionConfigurationPlatforms) = preSolution
		Debug|Any CPU = Debug|Any CPU
		Release|Any CPU = Release|Any CPU
	EndGlobalSection
	GlobalSection(ProjectConfigurationPlatforms) = postSolution
		{02265595-C7A1-4874-9FED-B5985F95791C}.Debug|Any CPU.ActiveCfg = Debug|Any CPU
		{02265595-C7A1-4874-9FED-B5985F95791C}.Debug|Any CPU.Build.0 = Debug|Any CPU
		{02265595-C7A1-4874-9FED-B5985F95791C}.Release|Any CPU.ActiveCfg = Release|Any CPU
		{02265595-C7A1-4874-9FED-B5985F95791C}.Release|Any CPU.Build.0 = Release|Any CPU
	EndGlobalSection
	GlobalSection(SolutionProperties) = preSolution
		HideSolutionNode = FALSE
	EndGlobalSection
	GlobalSection(ExtensibilityGlobals) = postSolution
		SolutionGuid = {AF169954-22AC-4EF0-B18A-AC59BB156091}
	EndGlobalSection
EndGlobal
